// !$*UTF8*$!
{
	archiveVersion = 1;
	classes = {
	};
	objectVersion = 56;
	objects = {

/* Begin PBXBuildFile section */
		47927D91E00042EAB4188B50 /* Pods_InstProfile.framework in Frameworks */ = {isa = PBXBuildFile; fileRef = F8C4FB958A470789769D1808 /* Pods_InstProfile.framework */; };
		6E18FD7B2AB88D0C00A964D8 /* AppDelegate.swift in Sources */ = {isa = PBXBuildFile; fileRef = 6E18FD7A2AB88D0C00A964D8 /* AppDelegate.swift */; };
		6E18FD7D2AB88D0C00A964D8 /* SceneDelegate.swift in Sources */ = {isa = PBXBuildFile; fileRef = 6E18FD7C2AB88D0C00A964D8 /* SceneDelegate.swift */; };
		6E18FD7F2AB88D0C00A964D8 /* ProfileViewController.swift in Sources */ = {isa = PBXBuildFile; fileRef = 6E18FD7E2AB88D0C00A964D8 /* ProfileViewController.swift */; };
		6E18FD842AB88D0C00A964D8 /* Assets.xcassets in Resources */ = {isa = PBXBuildFile; fileRef = 6E18FD832AB88D0C00A964D8 /* Assets.xcassets */; };
		6E18FD872AB88D0C00A964D8 /* LaunchScreen.storyboard in Resources */ = {isa = PBXBuildFile; fileRef = 6E18FD852AB88D0C00A964D8 /* LaunchScreen.storyboard */; };
		6E18FD932AB8916C00A964D8 /* Post.swift in Sources */ = {isa = PBXBuildFile; fileRef = 6E18FD922AB8916C00A964D8 /* Post.swift */; };
		6E6FC5462ABADBDF00853BCC /* PostCell.swift in Sources */ = {isa = PBXBuildFile; fileRef = 6E6FC5452ABADBDF00853BCC /* PostCell.swift */; };
		6E6FC5482ABADBEE00853BCC /* StoryCell.swift in Sources */ = {isa = PBXBuildFile; fileRef = 6E6FC5472ABADBEE00853BCC /* StoryCell.swift */; };
		6E8F2C9E2AB9AF4600C824CB /* Story.swift in Sources */ = {isa = PBXBuildFile; fileRef = 6E8F2C9D2AB9AF4600C824CB /* Story.swift */; };
/* End PBXBuildFile section */

/* Begin PBXFileReference section */
		4367B56710CBDE2B3E4DD41D /* Pods-InstProfile.release.xcconfig */ = {isa = PBXFileReference; includeInIndex = 1; lastKnownFileType = text.xcconfig; name = "Pods-InstProfile.release.xcconfig"; path = "Target Support Files/Pods-InstProfile/Pods-InstProfile.release.xcconfig"; sourceTree = "<group>"; };
		6E18FD772AB88D0C00A964D8 /* InstProfile.app */ = {isa = PBXFileReference; explicitFileType = wrapper.application; includeInIndex = 0; path = InstProfile.app; sourceTree = BUILT_PRODUCTS_DIR; };
		6E18FD7A2AB88D0C00A964D8 /* AppDelegate.swift */ = {isa = PBXFileReference; lastKnownFileType = sourcecode.swift; path = AppDelegate.swift; sourceTree = "<group>"; };
		6E18FD7C2AB88D0C00A964D8 /* SceneDelegate.swift */ = {isa = PBXFileReference; lastKnownFileType = sourcecode.swift; path = SceneDelegate.swift; sourceTree = "<group>"; };
		6E18FD7E2AB88D0C00A964D8 /* ProfileViewController.swift */ = {isa = PBXFileReference; lastKnownFileType = sourcecode.swift; path = ProfileViewController.swift; sourceTree = "<group>"; };
		6E18FD832AB88D0C00A964D8 /* Assets.xcassets */ = {isa = PBXFileReference; lastKnownFileType = folder.assetcatalog; path = Assets.xcassets; sourceTree = "<group>"; };
		6E18FD862AB88D0C00A964D8 /* Base */ = {isa = PBXFileReference; lastKnownFileType = file.storyboard; name = Base; path = Base.lproj/LaunchScreen.storyboard; sourceTree = "<group>"; };
		6E18FD882AB88D0C00A964D8 /* Info.plist */ = {isa = PBXFileReference; lastKnownFileType = text.plist.xml; path = Info.plist; sourceTree = "<group>"; };
		6E18FD922AB8916C00A964D8 /* Post.swift */ = {isa = PBXFileReference; lastKnownFileType = sourcecode.swift; path = Post.swift; sourceTree = "<group>"; };
		6E6FC5452ABADBDF00853BCC /* PostCell.swift */ = {isa = PBXFileReference; lastKnownFileType = sourcecode.swift; path = PostCell.swift; sourceTree = "<group>"; };
		6E6FC5472ABADBEE00853BCC /* StoryCell.swift */ = {isa = PBXFileReference; lastKnownFileType = sourcecode.swift; path = StoryCell.swift; sourceTree = "<group>"; };
		6E8F2C9D2AB9AF4600C824CB /* Story.swift */ = {isa = PBXFileReference; lastKnownFileType = sourcecode.swift; path = Story.swift; sourceTree = "<group>"; };
		8D8E81DC27A01B8FF4D5C30A /* Pods-InstProfile.debug.xcconfig */ = {isa = PBXFileReference; includeInIndex = 1; lastKnownFileType = text.xcconfig; name = "Pods-InstProfile.debug.xcconfig"; path = "Target Support Files/Pods-InstProfile/Pods-InstProfile.debug.xcconfig"; sourceTree = "<group>"; };
		F8C4FB958A470789769D1808 /* Pods_InstProfile.framework */ = {isa = PBXFileReference; explicitFileType = wrapper.framework; includeInIndex = 0; path = Pods_InstProfile.framework; sourceTree = BUILT_PRODUCTS_DIR; };
/* End PBXFileReference section */

/* Begin PBXFrameworksBuildPhase section */
		6E18FD742AB88D0C00A964D8 /* Frameworks */ = {
			isa = PBXFrameworksBuildPhase;
			buildActionMask = 2147483647;
			files = (
				47927D91E00042EAB4188B50 /* Pods_InstProfile.framework in Frameworks */,
			);
			runOnlyForDeploymentPostprocessing = 0;
		};
/* End PBXFrameworksBuildPhase section */

/* Begin PBXGroup section */
		6E18FD6E2AB88D0C00A964D8 = {
			isa = PBXGroup;
			children = (
				6E18FD792AB88D0C00A964D8 /* InstProfile */,
				6E18FD782AB88D0C00A964D8 /* Products */,
				F7B8F358523D97D22B4A598F /* Pods */,
				DC02E5E54282756A8E3F07D2 /* Frameworks */,
			);
			sourceTree = "<group>";
		};
		6E18FD782AB88D0C00A964D8 /* Products */ = {
			isa = PBXGroup;
			children = (
				6E18FD772AB88D0C00A964D8 /* InstProfile.app */,
			);
			name = Products;
			sourceTree = "<group>";
		};
		6E18FD792AB88D0C00A964D8 /* InstProfile */ = {
			isa = PBXGroup;
			children = (
				6E18FD7A2AB88D0C00A964D8 /* AppDelegate.swift */,
				6E18FD7C2AB88D0C00A964D8 /* SceneDelegate.swift */,
				6E18FD8E2AB88D7200A964D8 /* InstProfile */,
				6E18FD832AB88D0C00A964D8 /* Assets.xcassets */,
				6E18FD852AB88D0C00A964D8 /* LaunchScreen.storyboard */,
				6E18FD882AB88D0C00A964D8 /* Info.plist */,
			);
			path = InstProfile;
			sourceTree = "<group>";
		};
		6E18FD8E2AB88D7200A964D8 /* InstProfile */ = {
			isa = PBXGroup;
			children = (
				6E18FD8F2AB88D7F00A964D8 /* Models */,
				6E6FC5442ABADBC000853BCC /* Views */,
				6E18FD912AB88D9200A964D8 /* Controllers */,
			);
			path = InstProfile;
			sourceTree = "<group>";
		};
		6E18FD8F2AB88D7F00A964D8 /* Models */ = {
			isa = PBXGroup;
			children = (
				6E18FD922AB8916C00A964D8 /* Post.swift */,
				6E8F2C9D2AB9AF4600C824CB /* Story.swift */,
			);
			path = Models;
			sourceTree = "<group>";
		};
		6E18FD912AB88D9200A964D8 /* Controllers */ = {
			isa = PBXGroup;
			children = (
				6E18FD7E2AB88D0C00A964D8 /* ProfileViewController.swift */,
			);
			path = Controllers;
			sourceTree = "<group>";
		};
		6E6FC5442ABADBC000853BCC /* Views */ = {
			isa = PBXGroup;
			children = (
				6E6FC5452ABADBDF00853BCC /* PostCell.swift */,
				6E6FC5472ABADBEE00853BCC /* StoryCell.swift */,
			);
			path = Views;
			sourceTree = "<group>";
		};
		DC02E5E54282756A8E3F07D2 /* Frameworks */ = {
			isa = PBXGroup;
			children = (
				F8C4FB958A470789769D1808 /* Pods_InstProfile.framework */,
			);
			name = Frameworks;
			sourceTree = "<group>";
		};
		F7B8F358523D97D22B4A598F /* Pods */ = {
			isa = PBXGroup;
			children = (
				8D8E81DC27A01B8FF4D5C30A /* Pods-InstProfile.debug.xcconfig */,
				4367B56710CBDE2B3E4DD41D /* Pods-InstProfile.release.xcconfig */,
			);
			path = Pods;
			sourceTree = "<group>";
		};
/* End PBXGroup section */

/* Begin PBXNativeTarget section */
		6E18FD762AB88D0C00A964D8 /* InstProfile */ = {
			isa = PBXNativeTarget;
			buildConfigurationList = 6E18FD8B2AB88D0C00A964D8 /* Build configuration list for PBXNativeTarget "InstProfile" */;
			buildPhases = (
				40CB105558510C4B2097AAE0 /* [CP] Check Pods Manifest.lock */,
				6E18FD732AB88D0C00A964D8 /* Sources */,
				6E18FD742AB88D0C00A964D8 /* Frameworks */,
				6E18FD752AB88D0C00A964D8 /* Resources */,
				5C0830BF09876D8225CC1463 /* [CP] Embed Pods Frameworks */,
			);
			buildRules = (
			);
			dependencies = (
			);
			name = InstProfile;
			productName = InstProfile;
			productReference = 6E18FD772AB88D0C00A964D8 /* InstProfile.app */;
			productType = "com.apple.product-type.application";
		};
/* End PBXNativeTarget section */

/* Begin PBXProject section */
		6E18FD6F2AB88D0C00A964D8 /* Project object */ = {
			isa = PBXProject;
			attributes = {
				BuildIndependentTargetsInParallel = 1;
				LastSwiftUpdateCheck = 1430;
				LastUpgradeCheck = 1430;
				TargetAttributes = {
					6E18FD762AB88D0C00A964D8 = {
						CreatedOnToolsVersion = 14.3.1;
					};
				};
			};
			buildConfigurationList = 6E18FD722AB88D0C00A964D8 /* Build configuration list for PBXProject "InstProfile" */;
			compatibilityVersion = "Xcode 14.0";
			developmentRegion = en;
			hasScannedForEncodings = 0;
			knownRegions = (
				en,
				Base,
			);
			mainGroup = 6E18FD6E2AB88D0C00A964D8;
			productRefGroup = 6E18FD782AB88D0C00A964D8 /* Products */;
			projectDirPath = "";
			projectRoot = "";
			targets = (
				6E18FD762AB88D0C00A964D8 /* InstProfile */,
			);
		};
/* End PBXProject section */

/* Begin PBXResourcesBuildPhase section */
		6E18FD752AB88D0C00A964D8 /* Resources */ = {
			isa = PBXResourcesBuildPhase;
			buildActionMask = 2147483647;
			files = (
				6E18FD872AB88D0C00A964D8 /* LaunchScreen.storyboard in Resources */,
				6E18FD842AB88D0C00A964D8 /* Assets.xcassets in Resources */,
			);
			runOnlyForDeploymentPostprocessing = 0;
		};
/* End PBXResourcesBuildPhase section */

/* Begin PBXShellScriptBuildPhase section */
		40CB105558510C4B2097AAE0 /* [CP] Check Pods Manifest.lock */ = {
			isa = PBXShellScriptBuildPhase;
			buildActionMask = 2147483647;
			files = (
			);
			inputFileListPaths = (
			);
			inputPaths = (
				"${PODS_PODFILE_DIR_PATH}/Podfile.lock",
				"${PODS_ROOT}/Manifest.lock",
			);
			name = "[CP] Check Pods Manifest.lock";
			outputFileListPaths = (
			);
			outputPaths = (
				"$(DERIVED_FILE_DIR)/Pods-InstProfile-checkManifestLockResult.txt",
			);
			runOnlyForDeploymentPostprocessing = 0;
			shellPath = /bin/sh;
			shellScript = "diff \"${PODS_PODFILE_DIR_PATH}/Podfile.lock\" \"${PODS_ROOT}/Manifest.lock\" > /dev/null\nif [ $? != 0 ] ; then\n    # print error to STDERR\n    echo \"error: The sandbox is not in sync with the Podfile.lock. Run 'pod install' or update your CocoaPods installation.\" >&2\n    exit 1\nfi\n# This output is used by Xcode 'outputs' to avoid re-running this script phase.\necho \"SUCCESS\" > \"${SCRIPT_OUTPUT_FILE_0}\"\n";
			showEnvVarsInLog = 0;
		};
		5C0830BF09876D8225CC1463 /* [CP] Embed Pods Frameworks */ = {
			isa = PBXShellScriptBuildPhase;
			buildActionMask = 2147483647;
			files = (
			);
			inputFileListPaths = (
				"${PODS_ROOT}/Target Support Files/Pods-InstProfile/Pods-InstProfile-frameworks-${CONFIGURATION}-input-files.xcfilelist",
			);
			name = "[CP] Embed Pods Frameworks";
			outputFileListPaths = (
				"${PODS_ROOT}/Target Support Files/Pods-InstProfile/Pods-InstProfile-frameworks-${CONFIGURATION}-output-files.xcfilelist",
			);
			runOnlyForDeploymentPostprocessing = 0;
			shellPath = /bin/sh;
			shellScript = "\"${PODS_ROOT}/Target Support Files/Pods-InstProfile/Pods-InstProfile-frameworks.sh\"\n";
			showEnvVarsInLog = 0;
		};
/* End PBXShellScriptBuildPhase section */

/* Begin PBXSourcesBuildPhase section */
		6E18FD732AB88D0C00A964D8 /* Sources */ = {
			isa = PBXSourcesBuildPhase;
			buildActionMask = 2147483647;
			files = (
				6E18FD7F2AB88D0C00A964D8 /* ProfileViewController.swift in Sources */,
				6E18FD7B2AB88D0C00A964D8 /* AppDelegate.swift in Sources */,
				6E18FD7D2AB88D0C00A964D8 /* SceneDelegate.swift in Sources */,
				6E6FC5482ABADBEE00853BCC /* StoryCell.swift in Sources */,
				6E8F2C9E2AB9AF4600C824CB /* Story.swift in Sources */,
				6E18FD932AB8916C00A964D8 /* Post.swift in Sources */,
				6E6FC5462ABADBDF00853BCC /* PostCell.swift in Sources */,
			);
			runOnlyForDeploymentPostprocessing = 0;
		};
/* End PBXSourcesBuildPhase section */

/* Begin PBXVariantGroup section */
		6E18FD852AB88D0C00A964D8 /* LaunchScreen.storyboard */ = {
			isa = PBXVariantGroup;
			children = (
				6E18FD862AB88D0C00A964D8 /* Base */,
			);
			name = LaunchScreen.storyboard;
			sourceTree = "<group>";
		};
/* End PBXVariantGroup section */

/* Begin XCBuildConfiguration section */
		6E18FD892AB88D0C00A964D8 /* Debug */ = {
			isa = XCBuildConfiguration;
			buildSettings = {
				ALWAYS_SEARCH_USER_PATHS = NO;
				CLANG_ANALYZER_NONNULL = YES;
				CLANG_ANALYZER_NUMBER_OBJECT_CONVERSION = YES_AGGRESSIVE;
				CLANG_CXX_LANGUAGE_STANDARD = "gnu++20";
				CLANG_ENABLE_MODULES = YES;
				CLANG_ENABLE_OBJC_ARC = YES;
				CLANG_ENABLE_OBJC_WEAK = YES;
				CLANG_WARN_BLOCK_CAPTURE_AUTORELEASING = YES;
				CLANG_WARN_BOOL_CONVERSION = YES;
				CLANG_WARN_COMMA = YES;
				CLANG_WARN_CONSTANT_CONVERSION = YES;
				CLANG_WARN_DEPRECATED_OBJC_IMPLEMENTATIONS = YES;
				CLANG_WARN_DIRECT_OBJC_ISA_USAGE = YES_ERROR;
				CLANG_WARN_DOCUMENTATION_COMMENTS = YES;
				CLANG_WARN_EMPTY_BODY = YES;
				CLANG_WARN_ENUM_CONVERSION = YES;
				CLANG_WARN_INFINITE_RECURSION = YES;
				CLANG_WARN_INT_CONVERSION = YES;
				CLANG_WARN_NON_LITERAL_NULL_CONVERSION = YES;
				CLANG_WARN_OBJC_IMPLICIT_RETAIN_SELF = YES;
				CLANG_WARN_OBJC_LITERAL_CONVERSION = YES;
				CLANG_WARN_OBJC_ROOT_CLASS = YES_ERROR;
				CLANG_WARN_QUOTED_INCLUDE_IN_FRAMEWORK_HEADER = YES;
				CLANG_WARN_RANGE_LOOP_ANALYSIS = YES;
				CLANG_WARN_STRICT_PROTOTYPES = YES;
				CLANG_WARN_SUSPICIOUS_MOVE = YES;
				CLANG_WARN_UNGUARDED_AVAILABILITY = YES_AGGRESSIVE;
				CLANG_WARN_UNREACHABLE_CODE = YES;
				CLANG_WARN__DUPLICATE_METHOD_MATCH = YES;
				COPY_PHASE_STRIP = NO;
				DEBUG_INFORMATION_FORMAT = dwarf;
				ENABLE_STRICT_OBJC_MSGSEND = YES;
				ENABLE_TESTABILITY = YES;
				GCC_C_LANGUAGE_STANDARD = gnu11;
				GCC_DYNAMIC_NO_PIC = NO;
				GCC_NO_COMMON_BLOCKS = YES;
				GCC_OPTIMIZATION_LEVEL = 0;
				GCC_PREPROCESSOR_DEFINITIONS = (
					"DEBUG=1",
					"$(inherited)",
				);
				GCC_WARN_64_TO_32_BIT_CONVERSION = YES;
				GCC_WARN_ABOUT_RETURN_TYPE = YES_ERROR;
				GCC_WARN_UNDECLARED_SELECTOR = YES;
				GCC_WARN_UNINITIALIZED_AUTOS = YES_AGGRESSIVE;
				GCC_WARN_UNUSED_FUNCTION = YES;
				GCC_WARN_UNUSED_VARIABLE = YES;
				IPHONEOS_DEPLOYMENT_TARGET = 16.4;
				MTL_ENABLE_DEBUG_INFO = INCLUDE_SOURCE;
				MTL_FAST_MATH = YES;
				ONLY_ACTIVE_ARCH = YES;
				SDKROOT = iphoneos;
				SWIFT_ACTIVE_COMPILATION_CONDITIONS = DEBUG;
				SWIFT_OPTIMIZATION_LEVEL = "-Onone";
			};
			name = Debug;
		};
		6E18FD8A2AB88D0C00A964D8 /* Release */ = {
			isa = XCBuildConfiguration;
			buildSettings = {
				ALWAYS_SEARCH_USER_PATHS = NO;
				CLANG_ANALYZER_NONNULL = YES;
				CLANG_ANALYZER_NUMBER_OBJECT_CONVERSION = YES_AGGRESSIVE;
				CLANG_CXX_LANGUAGE_STANDARD = "gnu++20";
				CLANG_ENABLE_MODULES = YES;
				CLANG_ENABLE_OBJC_ARC = YES;
				CLANG_ENABLE_OBJC_WEAK = YES;
				CLANG_WARN_BLOCK_CAPTURE_AUTORELEASING = YES;
				CLANG_WARN_BOOL_CONVERSION = YES;
				CLANG_WARN_COMMA = YES;
				CLANG_WARN_CONSTANT_CONVERSION = YES;
				CLANG_WARN_DEPRECATED_OBJC_IMPLEMENTATIONS = YES;
				CLANG_WARN_DIRECT_OBJC_ISA_USAGE = YES_ERROR;
				CLANG_WARN_DOCUMENTATION_COMMENTS = YES;
				CLANG_WARN_EMPTY_BODY = YES;
				CLANG_WARN_ENUM_CONVERSION = YES;
				CLANG_WARN_INFINITE_RECURSION = YES;
				CLANG_WARN_INT_CONVERSION = YES;
				CLANG_WARN_NON_LITERAL_NULL_CONVERSION = YES;
				CLANG_WARN_OBJC_IMPLICIT_RETAIN_SELF = YES;
				CLANG_WARN_OBJC_LITERAL_CONVERSION = YES;
				CLANG_WARN_OBJC_ROOT_CLASS = YES_ERROR;
				CLANG_WARN_QUOTED_INCLUDE_IN_FRAMEWORK_HEADER = YES;
				CLANG_WARN_RANGE_LOOP_ANALYSIS = YES;
				CLANG_WARN_STRICT_PROTOTYPES = YES;
				CLANG_WARN_SUSPICIOUS_MOVE = YES;
				CLANG_WARN_UNGUARDED_AVAILABILITY = YES_AGGRESSIVE;
				CLANG_WARN_UNREACHABLE_CODE = YES;
				CLANG_WARN__DUPLICATE_METHOD_MATCH = YES;
				COPY_PHASE_STRIP = NO;
				DEBUG_INFORMATION_FORMAT = "dwarf-with-dsym";
				ENABLE_NS_ASSERTIONS = NO;
				ENABLE_STRICT_OBJC_MSGSEND = YES;
				GCC_C_LANGUAGE_STANDARD = gnu11;
				GCC_NO_COMMON_BLOCKS = YES;
				GCC_WARN_64_TO_32_BIT_CONVERSION = YES;
				GCC_WARN_ABOUT_RETURN_TYPE = YES_ERROR;
				GCC_WARN_UNDECLARED_SELECTOR = YES;
				GCC_WARN_UNINITIALIZED_AUTOS = YES_AGGRESSIVE;
				GCC_WARN_UNUSED_FUNCTION = YES;
				GCC_WARN_UNUSED_VARIABLE = YES;
				IPHONEOS_DEPLOYMENT_TARGET = 16.4;
				MTL_ENABLE_DEBUG_INFO = NO;
				MTL_FAST_MATH = YES;
				SDKROOT = iphoneos;
				SWIFT_COMPILATION_MODE = wholemodule;
				SWIFT_OPTIMIZATION_LEVEL = "-O";
				VALIDATE_PRODUCT = YES;
			};
			name = Release;
		};
		6E18FD8C2AB88D0C00A964D8 /* Debug */ = {
			isa = XCBuildConfiguration;
			baseConfigurationReference = 8D8E81DC27A01B8FF4D5C30A /* Pods-InstProfile.debug.xcconfig */;
			buildSettings = {
				ASSETCATALOG_COMPILER_APPICON_NAME = AppIcon;
				ASSETCATALOG_COMPILER_GLOBAL_ACCENT_COLOR_NAME = AccentColor;
				CODE_SIGN_STYLE = Automatic;
				CURRENT_PROJECT_VERSION = 1;
				DEVELOPMENT_TEAM = 3324CJVR4C;
				GENERATE_INFOPLIST_FILE = YES;
				INFOPLIST_FILE = InstProfile/Info.plist;
				INFOPLIST_KEY_UIApplicationSupportsIndirectInputEvents = YES;
				INFOPLIST_KEY_UILaunchStoryboardName = LaunchScreen;
				INFOPLIST_KEY_UISupportedInterfaceOrientations_iPad = "UIInterfaceOrientationPortrait UIInterfaceOrientationPortraitUpsideDown UIInterfaceOrientationLandscapeLeft UIInterfaceOrientationLandscapeRight";
				INFOPLIST_KEY_UISupportedInterfaceOrientations_iPhone = "UIInterfaceOrientationPortrait UIInterfaceOrientationLandscapeLeft UIInterfaceOrientationLandscapeRight";
				LD_RUNPATH_SEARCH_PATHS = (
					"$(inherited)",
					"@executable_path/Frameworks",
				);
				MARKETING_VERSION = 1.0;
				PRODUCT_BUNDLE_IDENTIFIER = "com.esayan-well.InstProfile";
				PRODUCT_NAME = "$(TARGET_NAME)";
				SWIFT_EMIT_LOC_STRINGS = YES;
				SWIFT_VERSION = 5.0;
				TARGETED_DEVICE_FAMILY = "1,2";
			};
			name = Debug;
		};
		6E18FD8D2AB88D0C00A964D8 /* Release */ = {
			isa = XCBuildConfiguration;
			baseConfigurationReference = 4367B56710CBDE2B3E4DD41D /* Pods-InstProfile.release.xcconfig */;
			buildSettings = {
				ASSETCATALOG_COMPILER_APPICON_NAME = AppIcon;
				ASSETCATALOG_COMPILER_GLOBAL_ACCENT_COLOR_NAME = AccentColor;
				CODE_SIGN_STYLE = Automatic;
				CURRENT_PROJECT_VERSION = 1;
				DEVELOPMENT_TEAM = 3324CJVR4C;
				GENERATE_INFOPLIST_FILE = YES;
				INFOPLIST_FILE = InstProfile/Info.plist;
				INFOPLIST_KEY_UIApplicationSupportsIndirectInputEvents = YES;
				INFOPLIST_KEY_UILaunchStoryboardName = LaunchScreen;
				INFOPLIST_KEY_UISupportedInterfaceOrientations_iPad = "UIInterfaceOrientationPortrait UIInterfaceOrientationPortraitUpsideDown UIInterfaceOrientationLandscapeLeft UIInterfaceOrientationLandscapeRight";
				INFOPLIST_KEY_UISupportedInterfaceOrientations_iPhone = "UIInterfaceOrientationPortrait UIInterfaceOrientationLandscapeLeft UIInterfaceOrientationLandscapeRight";
				LD_RUNPATH_SEARCH_PATHS = (
					"$(inherited)",
					"@executable_path/Frameworks",
				);
				MARKETING_VERSION = 1.0;
				PRODUCT_BUNDLE_IDENTIFIER = "com.esayan-well.InstProfile";
				PRODUCT_NAME = "$(TARGET_NAME)";
				SWIFT_EMIT_LOC_STRINGS = YES;
				SWIFT_VERSION = 5.0;
				TARGETED_DEVICE_FAMILY = "1,2";
			};
			name = Release;
		};
/* End XCBuildConfiguration section */

/* Begin XCConfigurationList section */
		6E18FD722AB88D0C00A964D8 /* Build configuration list for PBXProject "InstProfile" */ = {
			isa = XCConfigurationList;
			buildConfigurations = (
				6E18FD892AB88D0C00A964D8 /* Debug */,
				6E18FD8A2AB88D0C00A964D8 /* Release */,
			);
			defaultConfigurationIsVisible = 0;
			defaultConfigurationName = Release;
		};
		6E18FD8B2AB88D0C00A964D8 /* Build configuration list for PBXNativeTarget "InstProfile" */ = {
			isa = XCConfigurationList;
			buildConfigurations = (
				6E18FD8C2AB88D0C00A964D8 /* Debug */,
				6E18FD8D2AB88D0C00A964D8 /* Release */,
			);
			defaultConfigurationIsVisible = 0;
			defaultConfigurationName = Release;
		};
/* End XCConfigurationList section */
	};
	rootObject = 6E18FD6F2AB88D0C00A964D8 /* Project object */;
}
